
Microsoft Visual Studio Solution File, Format Version 12.00
# Visual Studio Version 17
VisualStudioVersion = 17.8.34330.188
MinimumVisualStudioVersion = 10.0.40219.1
Project("{9A19103F-16F7-4668-BE54-9A1E7A4F7556}") = "Identity.API", "Identity.API\Identity.API.csproj", "{1A328648-C661-4660-A99F-B79C2C97E46F}"
	ProjectSection(ProjectDependencies) = postProject
		{BAF1BD24-ADFB-4457-99C7-F66468B3654A} = {BAF1BD24-ADFB-4457-99C7-F66468B3654A}
		{D8FC5B9D-FA87-4BE4-BF79-852931D85E6F} = {D8FC5B9D-FA87-4BE4-BF79-852931D85E6F}
	EndProjectSection
EndProject
Project("{2150E333-8FDC-42A3-9474-1A3956D46DE8}") = "src", "src", "{3CB1A8E7-5920-4D6D-9E4F-411C732E02F0}"
EndProject
Project("{9A19103F-16F7-4668-BE54-9A1E7A4F7556}") = "Baskets.API", "Baskets.API\Baskets.API.csproj", "{1088394E-2266-48EC-8D7A-10DF5BA68C06}"
	ProjectSection(ProjectDependencies) = postProject
		{7628493C-81B5-4CDD-A484-34EBFD6FE241} = {7628493C-81B5-4CDD-A484-34EBFD6FE241}
	EndProjectSection
EndProject
Project("{9A19103F-16F7-4668-BE54-9A1E7A4F7556}") = "Baskets.BusinessLogic", "Baskets.BusinessLogic\Baskets.BusinessLogic.csproj", "{7628493C-81B5-4CDD-A484-34EBFD6FE241}"
	ProjectSection(ProjectDependencies) = postProject
		{94F2AFCB-C52F-4CCA-B372-9762C22A7F6A} = {94F2AFCB-C52F-4CCA-B372-9762C22A7F6A}
	EndProjectSection
EndProject
Project("{9A19103F-16F7-4668-BE54-9A1E7A4F7556}") = "Baskets.DataAccess", "Baskets.DataAccess\Baskets.DataAccess.csproj", "{94F2AFCB-C52F-4CCA-B372-9762C22A7F6A}"
EndProject
Project("{9A19103F-16F7-4668-BE54-9A1E7A4F7556}") = "Catalogs.API", "Catalogs.API\Catalogs.API.csproj", "{875A47A7-24EE-474B-B191-5C9903C58D7D}"
	ProjectSection(ProjectDependencies) = postProject
		{63E397C2-38B7-435A-A924-69A0194E10F7} = {63E397C2-38B7-435A-A924-69A0194E10F7}
	EndProjectSection
EndProject
Project("{9A19103F-16F7-4668-BE54-9A1E7A4F7556}") = "Catalogs.Application", "Catalogs.Application\Catalogs.Application.csproj", "{C612B769-EDC8-4268-A22C-1A2B991E5738}"
	ProjectSection(ProjectDependencies) = postProject
		{7E2D6A0E-A601-430A-97EB-0D7E2E8A8EEA} = {7E2D6A0E-A601-430A-97EB-0D7E2E8A8EEA}
	EndProjectSection
EndProject
Project("{9A19103F-16F7-4668-BE54-9A1E7A4F7556}") = "Catalogs.Domain", "Catalogs.Domain\Catalogs.Domain.csproj", "{7E2D6A0E-A601-430A-97EB-0D7E2E8A8EEA}"
EndProject
Project("{9A19103F-16F7-4668-BE54-9A1E7A4F7556}") = "Catalogs.Infrastructure", "Catalogs.Infrastructure\Catalogs.Infrastructure.csproj", "{63E397C2-38B7-435A-A924-69A0194E10F7}"
	ProjectSection(ProjectDependencies) = postProject
		{C612B769-EDC8-4268-A22C-1A2B991E5738} = {C612B769-EDC8-4268-A22C-1A2B991E5738}
	EndProjectSection
EndProject
Project("{9A19103F-16F7-4668-BE54-9A1E7A4F7556}") = "Identity.BusinessLogic", "Identity.BusinessLogic\Identity.BusinessLogic.csproj", "{BAF1BD24-ADFB-4457-99C7-F66468B3654A}"
	ProjectSection(ProjectDependencies) = postProject
		{D8FC5B9D-FA87-4BE4-BF79-852931D85E6F} = {D8FC5B9D-FA87-4BE4-BF79-852931D85E6F}
	EndProjectSection
EndProject
Project("{9A19103F-16F7-4668-BE54-9A1E7A4F7556}") = "Identity.DataAccess", "Identity.DataAccess\Identity.DataAccess.csproj", "{D8FC5B9D-FA87-4BE4-BF79-852931D85E6F}"
EndProject
Project("{2150E333-8FDC-42A3-9474-1A3956D46DE8}") = "Baskets", "Baskets", "{F5A9D3A1-2672-47BD-B6AF-0889BA33A3A1}"
EndProject
Project("{2150E333-8FDC-42A3-9474-1A3956D46DE8}") = "Catalogs", "Catalogs", "{54BEBD2B-FED3-4B88-9F9B-FA9D5F44B77B}"
EndProject
Project("{2150E333-8FDC-42A3-9474-1A3956D46DE8}") = "Identity", "Identity", "{1D3DF81E-EFB5-4125-8E7C-AB5E08ADAD0D}"
EndProject
Project("{9A19103F-16F7-4668-BE54-9A1E7A4F7556}") = "RabbitMQ.EventBus", "RabbitMQ.EventBus\RabbitMQ.EventBus.csproj", "{92FCB3D9-2223-4B0E-BB34-95450C07DDE5}"
EndProject
Project("{2150E333-8FDC-42A3-9474-1A3956D46DE8}") = "tests", "tests", "{4B370850-37DD-477D-9EBE-75DA1F9AE911}"
EndProject
Project("{9A19103F-16F7-4668-BE54-9A1E7A4F7556}") = "Catalogs.Tests", "Catalogs.Tests\Catalogs.Tests.csproj", "{95BF61DE-543C-4840-86FA-1383258C5D36}"
EndProject
Project("{9A19103F-16F7-4668-BE54-9A1E7A4F7556}") = "Identity.Tests", "Identity.Tests\Identity.Tests.csproj", "{22668F84-A42A-4253-BCFC-06522F62878C}"
EndProject
Project("{E53339B2-1760-4266-BCC7-CA923CBCF16C}") = "docker-compose", "docker-compose.dcproj", "{AFC503E5-8BB4-4840-9BD7-72771E4C21D6}"
EndProject
Project("{9A19103F-16F7-4668-BE54-9A1E7A4F7556}") = "Baskets.Tests", "Baskets.UnitTests\Baskets.Tests.csproj", "{272D2C66-5DD1-4C7C-87B8-ADD0ED901C1A}"
EndProject
Global
	GlobalSection(SolutionConfigurationPlatforms) = preSolution
		Debug|Any CPU = Debug|Any CPU
		Release|Any CPU = Release|Any CPU
	EndGlobalSection
	GlobalSection(ProjectConfigurationPlatforms) = postSolution
		{1A328648-C661-4660-A99F-B79C2C97E46F}.Debug|Any CPU.ActiveCfg = Debug|Any CPU
		{1A328648-C661-4660-A99F-B79C2C97E46F}.Debug|Any CPU.Build.0 = Debug|Any CPU
		{1A328648-C661-4660-A99F-B79C2C97E46F}.Release|Any CPU.ActiveCfg = Release|Any CPU
		{1A328648-C661-4660-A99F-B79C2C97E46F}.Release|Any CPU.Build.0 = Release|Any CPU
		{1088394E-2266-48EC-8D7A-10DF5BA68C06}.Debug|Any CPU.ActiveCfg = Debug|Any CPU
		{1088394E-2266-48EC-8D7A-10DF5BA68C06}.Debug|Any CPU.Build.0 = Debug|Any CPU
		{1088394E-2266-48EC-8D7A-10DF5BA68C06}.Release|Any CPU.ActiveCfg = Release|Any CPU
		{1088394E-2266-48EC-8D7A-10DF5BA68C06}.Release|Any CPU.Build.0 = Release|Any CPU
		{7628493C-81B5-4CDD-A484-34EBFD6FE241}.Debug|Any CPU.ActiveCfg = Debug|Any CPU
		{7628493C-81B5-4CDD-A484-34EBFD6FE241}.Debug|Any CPU.Build.0 = Debug|Any CPU
		{7628493C-81B5-4CDD-A484-34EBFD6FE241}.Release|Any CPU.ActiveCfg = Release|Any CPU
		{7628493C-81B5-4CDD-A484-34EBFD6FE241}.Release|Any CPU.Build.0 = Release|Any CPU
		{94F2AFCB-C52F-4CCA-B372-9762C22A7F6A}.Debug|Any CPU.ActiveCfg = Debug|Any CPU
		{94F2AFCB-C52F-4CCA-B372-9762C22A7F6A}.Debug|Any CPU.Build.0 = Debug|Any CPU
		{94F2AFCB-C52F-4CCA-B372-9762C22A7F6A}.Release|Any CPU.ActiveCfg = Release|Any CPU
		{94F2AFCB-C52F-4CCA-B372-9762C22A7F6A}.Release|Any CPU.Build.0 = Release|Any CPU
		{875A47A7-24EE-474B-B191-5C9903C58D7D}.Debug|Any CPU.ActiveCfg = Debug|Any CPU
		{875A47A7-24EE-474B-B191-5C9903C58D7D}.Debug|Any CPU.Build.0 = Debug|Any CPU
		{875A47A7-24EE-474B-B191-5C9903C58D7D}.Release|Any CPU.ActiveCfg = Release|Any CPU
		{875A47A7-24EE-474B-B191-5C9903C58D7D}.Release|Any CPU.Build.0 = Release|Any CPU
		{C612B769-EDC8-4268-A22C-1A2B991E5738}.Debug|Any CPU.ActiveCfg = Debug|Any CPU
		{C612B769-EDC8-4268-A22C-1A2B991E5738}.Debug|Any CPU.Build.0 = Debug|Any CPU
		{C612B769-EDC8-4268-A22C-1A2B991E5738}.Release|Any CPU.ActiveCfg = Release|Any CPU
		{C612B769-EDC8-4268-A22C-1A2B991E5738}.Release|Any CPU.Build.0 = Release|Any CPU
		{7E2D6A0E-A601-430A-97EB-0D7E2E8A8EEA}.Debug|Any CPU.ActiveCfg = Debug|Any CPU
		{7E2D6A0E-A601-430A-97EB-0D7E2E8A8EEA}.Debug|Any CPU.Build.0 = Debug|Any CPU
		{7E2D6A0E-A601-430A-97EB-0D7E2E8A8EEA}.Release|Any CPU.ActiveCfg = Release|Any CPU
		{7E2D6A0E-A601-430A-97EB-0D7E2E8A8EEA}.Release|Any CPU.Build.0 = Release|Any CPU
		{63E397C2-38B7-435A-A924-69A0194E10F7}.Debug|Any CPU.ActiveCfg = Debug|Any CPU
		{63E397C2-38B7-435A-A924-69A0194E10F7}.Debug|Any CPU.Build.0 = Debug|Any CPU
		{63E397C2-38B7-435A-A924-69A0194E10F7}.Release|Any CPU.ActiveCfg = Release|Any CPU
		{63E397C2-38B7-435A-A924-69A0194E10F7}.Release|Any CPU.Build.0 = Release|Any CPU
		{BAF1BD24-ADFB-4457-99C7-F66468B3654A}.Debug|Any CPU.ActiveCfg = Debug|Any CPU
		{BAF1BD24-ADFB-4457-99C7-F66468B3654A}.Debug|Any CPU.Build.0 = Debug|Any CPU
		{BAF1BD24-ADFB-4457-99C7-F66468B3654A}.Release|Any CPU.ActiveCfg = Release|Any CPU
		{BAF1BD24-ADFB-4457-99C7-F66468B3654A}.Release|Any CPU.Build.0 = Release|Any CPU
		{D8FC5B9D-FA87-4BE4-BF79-852931D85E6F}.Debug|Any CPU.ActiveCfg = Debug|Any CPU
		{D8FC5B9D-FA87-4BE4-BF79-852931D85E6F}.Debug|Any CPU.Build.0 = Debug|Any CPU
		{D8FC5B9D-FA87-4BE4-BF79-852931D85E6F}.Release|Any CPU.ActiveCfg = Release|Any CPU
		{D8FC5B9D-FA87-4BE4-BF79-852931D85E6F}.Release|Any CPU.Build.0 = Release|Any CPU
		{92FCB3D9-2223-4B0E-BB34-95450C07DDE5}.Debug|Any CPU.ActiveCfg = Debug|Any CPU
		{92FCB3D9-2223-4B0E-BB34-95450C07DDE5}.Debug|Any CPU.Build.0 = Debug|Any CPU
		{92FCB3D9-2223-4B0E-BB34-95450C07DDE5}.Release|Any CPU.ActiveCfg = Release|Any CPU
		{92FCB3D9-2223-4B0E-BB34-95450C07DDE5}.Release|Any CPU.Build.0 = Release|Any CPU
		{95BF61DE-543C-4840-86FA-1383258C5D36}.Debug|Any CPU.ActiveCfg = Debug|Any CPU
		{95BF61DE-543C-4840-86FA-1383258C5D36}.Debug|Any CPU.Build.0 = Debug|Any CPU
		{95BF61DE-543C-4840-86FA-1383258C5D36}.Release|Any CPU.ActiveCfg = Release|Any CPU
		{95BF61DE-543C-4840-86FA-1383258C5D36}.Release|Any CPU.Build.0 = Release|Any CPU
		{22668F84-A42A-4253-BCFC-06522F62878C}.Debug|Any CPU.ActiveCfg = Debug|Any CPU
		{22668F84-A42A-4253-BCFC-06522F62878C}.Debug|Any CPU.Build.0 = Debug|Any CPU
		{22668F84-A42A-4253-BCFC-06522F62878C}.Release|Any CPU.ActiveCfg = Release|Any CPU
		{22668F84-A42A-4253-BCFC-06522F62878C}.Release|Any CPU.Build.0 = Release|Any CPU
		{AFC503E5-8BB4-4840-9BD7-72771E4C21D6}.Debug|Any CPU.ActiveCfg = Debug|Any CPU
		{AFC503E5-8BB4-4840-9BD7-72771E4C21D6}.Debug|Any CPU.Build.0 = Debug|Any CPU
		{AFC503E5-8BB4-4840-9BD7-72771E4C21D6}.Release|Any CPU.ActiveCfg = Release|Any CPU
		{AFC503E5-8BB4-4840-9BD7-72771E4C21D6}.Release|Any CPU.Build.0 = Release|Any CPU
		{272D2C66-5DD1-4C7C-87B8-ADD0ED901C1A}.Debug|Any CPU.ActiveCfg = Debug|Any CPU
		{272D2C66-5DD1-4C7C-87B8-ADD0ED901C1A}.Debug|Any CPU.Build.0 = Debug|Any CPU
		{272D2C66-5DD1-4C7C-87B8-ADD0ED901C1A}.Release|Any CPU.ActiveCfg = Release|Any CPU
		{272D2C66-5DD1-4C7C-87B8-ADD0ED901C1A}.Release|Any CPU.Build.0 = Release|Any CPU
	EndGlobalSection
	GlobalSection(SolutionProperties) = preSolution
		HideSolutionNode = FALSE
	EndGlobalSection
	GlobalSection(NestedProjects) = preSolution
		{1A328648-C661-4660-A99F-B79C2C97E46F} = {1D3DF81E-EFB5-4125-8E7C-AB5E08ADAD0D}
		{1088394E-2266-48EC-8D7A-10DF5BA68C06} = {F5A9D3A1-2672-47BD-B6AF-0889BA33A3A1}
		{7628493C-81B5-4CDD-A484-34EBFD6FE241} = {F5A9D3A1-2672-47BD-B6AF-0889BA33A3A1}
		{94F2AFCB-C52F-4CCA-B372-9762C22A7F6A} = {F5A9D3A1-2672-47BD-B6AF-0889BA33A3A1}
		{875A47A7-24EE-474B-B191-5C9903C58D7D} = {54BEBD2B-FED3-4B88-9F9B-FA9D5F44B77B}
		{C612B769-EDC8-4268-A22C-1A2B991E5738} = {54BEBD2B-FED3-4B88-9F9B-FA9D5F44B77B}
		{7E2D6A0E-A601-430A-97EB-0D7E2E8A8EEA} = {54BEBD2B-FED3-4B88-9F9B-FA9D5F44B77B}
		{63E397C2-38B7-435A-A924-69A0194E10F7} = {54BEBD2B-FED3-4B88-9F9B-FA9D5F44B77B}
		{BAF1BD24-ADFB-4457-99C7-F66468B3654A} = {1D3DF81E-EFB5-4125-8E7C-AB5E08ADAD0D}
		{D8FC5B9D-FA87-4BE4-BF79-852931D85E6F} = {1D3DF81E-EFB5-4125-8E7C-AB5E08ADAD0D}
		{F5A9D3A1-2672-47BD-B6AF-0889BA33A3A1} = {3CB1A8E7-5920-4D6D-9E4F-411C732E02F0}
		{54BEBD2B-FED3-4B88-9F9B-FA9D5F44B77B} = {3CB1A8E7-5920-4D6D-9E4F-411C732E02F0}
		{1D3DF81E-EFB5-4125-8E7C-AB5E08ADAD0D} = {3CB1A8E7-5920-4D6D-9E4F-411C732E02F0}
		{92FCB3D9-2223-4B0E-BB34-95450C07DDE5} = {3CB1A8E7-5920-4D6D-9E4F-411C732E02F0}
		{95BF61DE-543C-4840-86FA-1383258C5D36} = {4B370850-37DD-477D-9EBE-75DA1F9AE911}
		{22668F84-A42A-4253-BCFC-06522F62878C} = {4B370850-37DD-477D-9EBE-75DA1F9AE911}
		{272D2C66-5DD1-4C7C-87B8-ADD0ED901C1A} = {4B370850-37DD-477D-9EBE-75DA1F9AE911}
	EndGlobalSection
	GlobalSection(ExtensibilityGlobals) = postSolution
		SolutionGuid = {229DA68A-1E8B-4EA9-9CB5-097ECF241938}
	EndGlobalSection
EndGlobal
