
Microsoft Visual Studio Solution File, Format Version 12.00
# Visual Studio Version 17
VisualStudioVersion = 17.8.34330.188
MinimumVisualStudioVersion = 10.0.40219.1
Project("{9A19103F-16F7-4668-BE54-9A1E7A4F7556}") = "Catalog.API", "Catalog.API\Catalog.API.csproj", "{3C0224DF-C0C8-4028-99FB-9BEF14DCD99D}"
	ProjectSection(ProjectDependencies) = postProject
		{103361AA-3885-45E2-A832-AB4D87FF4027} = {103361AA-3885-45E2-A832-AB4D87FF4027}
		{C9A43597-0CE2-42D9-8348-83FC44A96478} = {C9A43597-0CE2-42D9-8348-83FC44A96478}
		{D38B7AF4-DBAA-44DD-BD3C-64EE129BC584} = {D38B7AF4-DBAA-44DD-BD3C-64EE129BC584}
	EndProjectSection
EndProject
Project("{9A19103F-16F7-4668-BE54-9A1E7A4F7556}") = "Identity.API", "Identity.API\Identity.API.csproj", "{1A328648-C661-4660-A99F-B79C2C97E46F}"
	ProjectSection(ProjectDependencies) = postProject
		{7FF7E139-41D5-4027-8F1D-E4BB69CCF8CF} = {7FF7E139-41D5-4027-8F1D-E4BB69CCF8CF}
		{8B0F3C69-A6B0-40BF-A229-B3FDD42E9287} = {8B0F3C69-A6B0-40BF-A229-B3FDD42E9287}
	EndProjectSection
EndProject
Project("{9A19103F-16F7-4668-BE54-9A1E7A4F7556}") = "Basket.API", "Basket.API\Basket.API.csproj", "{2043BED4-EF92-49DF-82E7-9721345B83D4}"
	ProjectSection(ProjectDependencies) = postProject
		{26F8E62F-5249-4E33-919F-B45A2CE377A4} = {26F8E62F-5249-4E33-919F-B45A2CE377A4}
		{63C8BEB3-6B4D-442D-B612-F215E48A9488} = {63C8BEB3-6B4D-442D-B612-F215E48A9488}
	EndProjectSection
EndProject
Project("{9A19103F-16F7-4668-BE54-9A1E7A4F7556}") = "Identity.Core", "Identity.Core\Identity.Core.csproj", "{7FF7E139-41D5-4027-8F1D-E4BB69CCF8CF}"
EndProject
Project("{2150E333-8FDC-42A3-9474-1A3956D46DE8}") = "src", "src", "{3CB1A8E7-5920-4D6D-9E4F-411C732E02F0}"
EndProject
Project("{9A19103F-16F7-4668-BE54-9A1E7A4F7556}") = "Catalog.Domain", "Catalog.Domain\Catalog.Domain.csproj", "{D38B7AF4-DBAA-44DD-BD3C-64EE129BC584}"
EndProject
Project("{9A19103F-16F7-4668-BE54-9A1E7A4F7556}") = "Catalog.Application", "Catalog.Application\Catalog.Application.csproj", "{103361AA-3885-45E2-A832-AB4D87FF4027}"
	ProjectSection(ProjectDependencies) = postProject
		{D38B7AF4-DBAA-44DD-BD3C-64EE129BC584} = {D38B7AF4-DBAA-44DD-BD3C-64EE129BC584}
	EndProjectSection
EndProject
Project("{9A19103F-16F7-4668-BE54-9A1E7A4F7556}") = "Catalog.Infrastructure", "Catalog.Infrastructure\Catalog.Infrastructure.csproj", "{C9A43597-0CE2-42D9-8348-83FC44A96478}"
	ProjectSection(ProjectDependencies) = postProject
		{103361AA-3885-45E2-A832-AB4D87FF4027} = {103361AA-3885-45E2-A832-AB4D87FF4027}
		{D38B7AF4-DBAA-44DD-BD3C-64EE129BC584} = {D38B7AF4-DBAA-44DD-BD3C-64EE129BC584}
	EndProjectSection
EndProject
Project("{9A19103F-16F7-4668-BE54-9A1E7A4F7556}") = "Basket.Data", "Basket.Data\Basket.Data.csproj", "{26F8E62F-5249-4E33-919F-B45A2CE377A4}"
	ProjectSection(ProjectDependencies) = postProject
		{63C8BEB3-6B4D-442D-B612-F215E48A9488} = {63C8BEB3-6B4D-442D-B612-F215E48A9488}
	EndProjectSection
EndProject
Project("{9A19103F-16F7-4668-BE54-9A1E7A4F7556}") = "Basket.Core", "Basket.Core\Basket.Core.csproj", "{63C8BEB3-6B4D-442D-B612-F215E48A9488}"
EndProject
Project("{9A19103F-16F7-4668-BE54-9A1E7A4F7556}") = "Identity.Data", "Identity.Data\Identity.Data.csproj", "{8B0F3C69-A6B0-40BF-A229-B3FDD42E9287}"
	ProjectSection(ProjectDependencies) = postProject
		{7FF7E139-41D5-4027-8F1D-E4BB69CCF8CF} = {7FF7E139-41D5-4027-8F1D-E4BB69CCF8CF}
	EndProjectSection
EndProject
Global
	GlobalSection(SolutionConfigurationPlatforms) = preSolution
		Debug|Any CPU = Debug|Any CPU
		Release|Any CPU = Release|Any CPU
	EndGlobalSection
	GlobalSection(ProjectConfigurationPlatforms) = postSolution
		{3C0224DF-C0C8-4028-99FB-9BEF14DCD99D}.Debug|Any CPU.ActiveCfg = Debug|Any CPU
		{3C0224DF-C0C8-4028-99FB-9BEF14DCD99D}.Debug|Any CPU.Build.0 = Debug|Any CPU
		{3C0224DF-C0C8-4028-99FB-9BEF14DCD99D}.Release|Any CPU.ActiveCfg = Release|Any CPU
		{3C0224DF-C0C8-4028-99FB-9BEF14DCD99D}.Release|Any CPU.Build.0 = Release|Any CPU
		{1A328648-C661-4660-A99F-B79C2C97E46F}.Debug|Any CPU.ActiveCfg = Debug|Any CPU
		{1A328648-C661-4660-A99F-B79C2C97E46F}.Debug|Any CPU.Build.0 = Debug|Any CPU
		{1A328648-C661-4660-A99F-B79C2C97E46F}.Release|Any CPU.ActiveCfg = Release|Any CPU
		{1A328648-C661-4660-A99F-B79C2C97E46F}.Release|Any CPU.Build.0 = Release|Any CPU
		{2043BED4-EF92-49DF-82E7-9721345B83D4}.Debug|Any CPU.ActiveCfg = Debug|Any CPU
		{2043BED4-EF92-49DF-82E7-9721345B83D4}.Debug|Any CPU.Build.0 = Debug|Any CPU
		{2043BED4-EF92-49DF-82E7-9721345B83D4}.Release|Any CPU.ActiveCfg = Release|Any CPU
		{2043BED4-EF92-49DF-82E7-9721345B83D4}.Release|Any CPU.Build.0 = Release|Any CPU
		{7FF7E139-41D5-4027-8F1D-E4BB69CCF8CF}.Debug|Any CPU.ActiveCfg = Debug|Any CPU
		{7FF7E139-41D5-4027-8F1D-E4BB69CCF8CF}.Debug|Any CPU.Build.0 = Debug|Any CPU
		{7FF7E139-41D5-4027-8F1D-E4BB69CCF8CF}.Release|Any CPU.ActiveCfg = Release|Any CPU
		{7FF7E139-41D5-4027-8F1D-E4BB69CCF8CF}.Release|Any CPU.Build.0 = Release|Any CPU
		{D38B7AF4-DBAA-44DD-BD3C-64EE129BC584}.Debug|Any CPU.ActiveCfg = Debug|Any CPU
		{D38B7AF4-DBAA-44DD-BD3C-64EE129BC584}.Debug|Any CPU.Build.0 = Debug|Any CPU
		{D38B7AF4-DBAA-44DD-BD3C-64EE129BC584}.Release|Any CPU.ActiveCfg = Release|Any CPU
		{D38B7AF4-DBAA-44DD-BD3C-64EE129BC584}.Release|Any CPU.Build.0 = Release|Any CPU
		{103361AA-3885-45E2-A832-AB4D87FF4027}.Debug|Any CPU.ActiveCfg = Debug|Any CPU
		{103361AA-3885-45E2-A832-AB4D87FF4027}.Debug|Any CPU.Build.0 = Debug|Any CPU
		{103361AA-3885-45E2-A832-AB4D87FF4027}.Release|Any CPU.ActiveCfg = Release|Any CPU
		{103361AA-3885-45E2-A832-AB4D87FF4027}.Release|Any CPU.Build.0 = Release|Any CPU
		{C9A43597-0CE2-42D9-8348-83FC44A96478}.Debug|Any CPU.ActiveCfg = Debug|Any CPU
		{C9A43597-0CE2-42D9-8348-83FC44A96478}.Debug|Any CPU.Build.0 = Debug|Any CPU
		{C9A43597-0CE2-42D9-8348-83FC44A96478}.Release|Any CPU.ActiveCfg = Release|Any CPU
		{C9A43597-0CE2-42D9-8348-83FC44A96478}.Release|Any CPU.Build.0 = Release|Any CPU
		{26F8E62F-5249-4E33-919F-B45A2CE377A4}.Debug|Any CPU.ActiveCfg = Debug|Any CPU
		{26F8E62F-5249-4E33-919F-B45A2CE377A4}.Debug|Any CPU.Build.0 = Debug|Any CPU
		{26F8E62F-5249-4E33-919F-B45A2CE377A4}.Release|Any CPU.ActiveCfg = Release|Any CPU
		{26F8E62F-5249-4E33-919F-B45A2CE377A4}.Release|Any CPU.Build.0 = Release|Any CPU
		{63C8BEB3-6B4D-442D-B612-F215E48A9488}.Debug|Any CPU.ActiveCfg = Debug|Any CPU
		{63C8BEB3-6B4D-442D-B612-F215E48A9488}.Debug|Any CPU.Build.0 = Debug|Any CPU
		{63C8BEB3-6B4D-442D-B612-F215E48A9488}.Release|Any CPU.ActiveCfg = Release|Any CPU
		{63C8BEB3-6B4D-442D-B612-F215E48A9488}.Release|Any CPU.Build.0 = Release|Any CPU
		{8B0F3C69-A6B0-40BF-A229-B3FDD42E9287}.Debug|Any CPU.ActiveCfg = Debug|Any CPU
		{8B0F3C69-A6B0-40BF-A229-B3FDD42E9287}.Debug|Any CPU.Build.0 = Debug|Any CPU
		{8B0F3C69-A6B0-40BF-A229-B3FDD42E9287}.Release|Any CPU.ActiveCfg = Release|Any CPU
		{8B0F3C69-A6B0-40BF-A229-B3FDD42E9287}.Release|Any CPU.Build.0 = Release|Any CPU
	EndGlobalSection
	GlobalSection(SolutionProperties) = preSolution
		HideSolutionNode = FALSE
	EndGlobalSection
	GlobalSection(NestedProjects) = preSolution
		{3C0224DF-C0C8-4028-99FB-9BEF14DCD99D} = {3CB1A8E7-5920-4D6D-9E4F-411C732E02F0}
		{1A328648-C661-4660-A99F-B79C2C97E46F} = {3CB1A8E7-5920-4D6D-9E4F-411C732E02F0}
		{2043BED4-EF92-49DF-82E7-9721345B83D4} = {3CB1A8E7-5920-4D6D-9E4F-411C732E02F0}
		{7FF7E139-41D5-4027-8F1D-E4BB69CCF8CF} = {3CB1A8E7-5920-4D6D-9E4F-411C732E02F0}
		{D38B7AF4-DBAA-44DD-BD3C-64EE129BC584} = {3CB1A8E7-5920-4D6D-9E4F-411C732E02F0}
		{103361AA-3885-45E2-A832-AB4D87FF4027} = {3CB1A8E7-5920-4D6D-9E4F-411C732E02F0}
		{C9A43597-0CE2-42D9-8348-83FC44A96478} = {3CB1A8E7-5920-4D6D-9E4F-411C732E02F0}
		{26F8E62F-5249-4E33-919F-B45A2CE377A4} = {3CB1A8E7-5920-4D6D-9E4F-411C732E02F0}
		{63C8BEB3-6B4D-442D-B612-F215E48A9488} = {3CB1A8E7-5920-4D6D-9E4F-411C732E02F0}
		{8B0F3C69-A6B0-40BF-A229-B3FDD42E9287} = {3CB1A8E7-5920-4D6D-9E4F-411C732E02F0}
	EndGlobalSection
	GlobalSection(ExtensibilityGlobals) = postSolution
		SolutionGuid = {229DA68A-1E8B-4EA9-9CB5-097ECF241938}
	EndGlobalSection
EndGlobal
